
Microsoft Visual Studio Solution File, Format Version 12.00
# Visual Studio 15
VisualStudioVersion = 15.0.27130.2036
MinimumVisualStudioVersion = 10.0.40219.1
Project("{FAE04EC0-301F-11D3-BF4B-00C04F79EFBC}") = "personClass", "personClass\personClass.csproj", "{0326F99B-BA80-4ECF-B77C-F94B03ECBDCD}"
EndProject
Global
	GlobalSection(SolutionConfigurationPlatforms) = preSolution
		Debug|Any CPU = Debug|Any CPU
		Release|Any CPU = Release|Any CPU
	EndGlobalSection
	GlobalSection(ProjectConfigurationPlatforms) = postSolution
		{0326F99B-BA80-4ECF-B77C-F94B03ECBDCD}.Debug|Any CPU.ActiveCfg = Debug|Any CPU
		{0326F99B-BA80-4ECF-B77C-F94B03ECBDCD}.Debug|Any CPU.Build.0 = Debug|Any CPU
		{0326F99B-BA80-4ECF-B77C-F94B03ECBDCD}.Release|Any CPU.ActiveCfg = Release|Any CPU
		{0326F99B-BA80-4ECF-B77C-F94B03ECBDCD}.Release|Any CPU.Build.0 = Release|Any CPU
	EndGlobalSection
	GlobalSection(SolutionProperties) = preSolution
		HideSolutionNode = FALSE
	EndGlobalSection
	GlobalSection(ExtensibilityGlobals) = postSolution
		SolutionGuid = {4AA50757-E194-4290-AE7D-AA102C2E4CEF}
	EndGlobalSection
EndGlobal
